
Microsoft Visual Studio Solution File, Format Version 12.00
# Visual Studio Version 17
VisualStudioVersion = 17.0.31903.59
MinimumVisualStudioVersion = 10.0.40219.1
Project("{FAE04EC0-301F-11D3-BF4B-00C04F79EFBC}") = "Lab12", "Lab12\Lab12.csproj", "{7665836F-3FCB-4882-A545-9BB097B11CED}"
EndProject
Project("{FAE04EC0-301F-11D3-BF4B-00C04F79EFBC}") = "Lab12.Main", "Lab12.Main\Lab12.Main.csproj", "{BEA15D55-FA7E-482E-9B24-7DCACCDE9399}"
EndProject
Global
	GlobalSection(SolutionConfigurationPlatforms) = preSolution
		Debug|Any CPU = Debug|Any CPU
		Release|Any CPU = Release|Any CPU
	EndGlobalSection
	GlobalSection(SolutionProperties) = preSolution
		HideSolutionNode = FALSE
	EndGlobalSection
	GlobalSection(ProjectConfigurationPlatforms) = postSolution
		{7665836F-3FCB-4882-A545-9BB097B11CED}.Debug|Any CPU.ActiveCfg = Debug|Any CPU
		{7665836F-3FCB-4882-A545-9BB097B11CED}.Debug|Any CPU.Build.0 = Debug|Any CPU
		{7665836F-3FCB-4882-A545-9BB097B11CED}.Release|Any CPU.ActiveCfg = Release|Any CPU
		{7665836F-3FCB-4882-A545-9BB097B11CED}.Release|Any CPU.Build.0 = Release|Any CPU
		{BEA15D55-FA7E-482E-9B24-7DCACCDE9399}.Debug|Any CPU.ActiveCfg = Debug|Any CPU
		{BEA15D55-FA7E-482E-9B24-7DCACCDE9399}.Debug|Any CPU.Build.0 = Debug|Any CPU
		{BEA15D55-FA7E-482E-9B24-7DCACCDE9399}.Release|Any CPU.ActiveCfg = Release|Any CPU
		{BEA15D55-FA7E-482E-9B24-7DCACCDE9399}.Release|Any CPU.Build.0 = Release|Any CPU
	EndGlobalSection
EndGlobal
